// !$*UTF8*$!
{
	archiveVersion = 1;
	classes = {
	};
	objectVersion = 50;
	objects = {

/* Begin PBXBuildFile section */
		72818AE021E6A1A600A09C4E /* AppDelegate.swift in Sources */ = {isa = PBXBuildFile; fileRef = 72818ADF21E6A1A600A09C4E /* AppDelegate.swift */; };
		72818AE221E6A1A600A09C4E /* ViewController.swift in Sources */ = {isa = PBXBuildFile; fileRef = 72818AE121E6A1A600A09C4E /* ViewController.swift */; };
		72818AE521E6A1A600A09C4E /* Main.storyboard in Resources */ = {isa = PBXBuildFile; fileRef = 72818AE321E6A1A600A09C4E /* Main.storyboard */; };
		72818AE721E6A1A700A09C4E /* Assets.xcassets in Resources */ = {isa = PBXBuildFile; fileRef = 72818AE621E6A1A700A09C4E /* Assets.xcassets */; };
		72818AEA21E6A1A700A09C4E /* LaunchScreen.storyboard in Resources */ = {isa = PBXBuildFile; fileRef = 72818AE821E6A1A700A09C4E /* LaunchScreen.storyboard */; };
		72818AF521E6A1A700A09C4E /* helloiosTests.swift in Sources */ = {isa = PBXBuildFile; fileRef = 72818AF421E6A1A700A09C4E /* helloiosTests.swift */; };
		72818B0021E6A1A700A09C4E /* helloiosUITests.swift in Sources */ = {isa = PBXBuildFile; fileRef = 72818AFF21E6A1A700A09C4E /* helloiosUITests.swift */; };
		72818B1221E6A77100A09C4E /* Microsoft_Smile.jpg in Resources */ = {isa = PBXBuildFile; fileRef = 72818B1121E6A77100A09C4E /* Microsoft_Smile.jpg */; };
/* End PBXBuildFile section */

/* Begin PBXContainerItemProxy section */
		72818AF121E6A1A700A09C4E /* PBXContainerItemProxy */ = {
			isa = PBXContainerItemProxy;
			containerPortal = 72818AD421E6A1A600A09C4E /* Project object */;
			proxyType = 1;
			remoteGlobalIDString = 72818ADB21E6A1A600A09C4E;
			remoteInfo = helloios;
		};
		72818AFC21E6A1A700A09C4E /* PBXContainerItemProxy */ = {
			isa = PBXContainerItemProxy;
			containerPortal = 72818AD421E6A1A600A09C4E /* Project object */;
			proxyType = 1;
			remoteGlobalIDString = 72818ADB21E6A1A600A09C4E;
			remoteInfo = helloios;
		};
/* End PBXContainerItemProxy section */

/* Begin PBXFileReference section */
		72818ADC21E6A1A600A09C4E /* helloios.app */ = {isa = PBXFileReference; explicitFileType = wrapper.application; includeInIndex = 0; path = helloios.app; sourceTree = BUILT_PRODUCTS_DIR; };
		72818ADF21E6A1A600A09C4E /* AppDelegate.swift */ = {isa = PBXFileReference; lastKnownFileType = sourcecode.swift; path = AppDelegate.swift; sourceTree = "<group>"; };
		72818AE121E6A1A600A09C4E /* ViewController.swift */ = {isa = PBXFileReference; lastKnownFileType = sourcecode.swift; path = ViewController.swift; sourceTree = "<group>"; };
		72818AE421E6A1A600A09C4E /* Base */ = {isa = PBXFileReference; lastKnownFileType = file.storyboard; name = Base; path = Base.lproj/Main.storyboard; sourceTree = "<group>"; };
		72818AE621E6A1A700A09C4E /* Assets.xcassets */ = {isa = PBXFileReference; lastKnownFileType = folder.assetcatalog; path = Assets.xcassets; sourceTree = "<group>"; };
		72818AE921E6A1A700A09C4E /* Base */ = {isa = PBXFileReference; lastKnownFileType = file.storyboard; name = Base; path = Base.lproj/LaunchScreen.storyboard; sourceTree = "<group>"; };
		72818AEB21E6A1A700A09C4E /* Info.plist */ = {isa = PBXFileReference; lastKnownFileType = text.plist.xml; path = Info.plist; sourceTree = "<group>"; };
		72818AF021E6A1A700A09C4E /* helloiosTests.xctest */ = {isa = PBXFileReference; explicitFileType = wrapper.cfbundle; includeInIndex = 0; path = helloiosTests.xctest; sourceTree = BUILT_PRODUCTS_DIR; };
		72818AF421E6A1A700A09C4E /* helloiosTests.swift */ = {isa = PBXFileReference; lastKnownFileType = sourcecode.swift; path = helloiosTests.swift; sourceTree = "<group>"; };
		72818AF621E6A1A700A09C4E /* Info.plist */ = {isa = PBXFileReference; lastKnownFileType = text.plist.xml; path = Info.plist; sourceTree = "<group>"; };
		72818AFB21E6A1A700A09C4E /* helloiosUITests.xctest */ = {isa = PBXFileReference; explicitFileType = wrapper.cfbundle; includeInIndex = 0; path = helloiosUITests.xctest; sourceTree = BUILT_PRODUCTS_DIR; };
		72818AFF21E6A1A700A09C4E /* helloiosUITests.swift */ = {isa = PBXFileReference; lastKnownFileType = sourcecode.swift; path = helloiosUITests.swift; sourceTree = "<group>"; };
		72818B0121E6A1A700A09C4E /* Info.plist */ = {isa = PBXFileReference; lastKnownFileType = text.plist.xml; path = Info.plist; sourceTree = "<group>"; };
		72818B1121E6A77100A09C4E /* Microsoft_Smile.jpg */ = {isa = PBXFileReference; lastKnownFileType = image.jpeg; name = Microsoft_Smile.jpg; path = ../Microsoft_Smile.jpg; sourceTree = "<group>"; };
/* End PBXFileReference section */

/* Begin PBXFrameworksBuildPhase section */
		72818AD921E6A1A600A09C4E /* Frameworks */ = {
			isa = PBXFrameworksBuildPhase;
			buildActionMask = 2147483647;
			files = (
			);
			runOnlyForDeploymentPostprocessing = 0;
		};
		72818AED21E6A1A700A09C4E /* Frameworks */ = {
			isa = PBXFrameworksBuildPhase;
			buildActionMask = 2147483647;
			files = (
			);
			runOnlyForDeploymentPostprocessing = 0;
		};
		72818AF821E6A1A700A09C4E /* Frameworks */ = {
			isa = PBXFrameworksBuildPhase;
			buildActionMask = 2147483647;
			files = (
			);
			runOnlyForDeploymentPostprocessing = 0;
		};
/* End PBXFrameworksBuildPhase section */

/* Begin PBXGroup section */
		72818AD321E6A1A600A09C4E = {
			isa = PBXGroup;
			children = (
				72818ADE21E6A1A600A09C4E /* helloios */,
				72818AF321E6A1A700A09C4E /* helloiosTests */,
				72818AFE21E6A1A700A09C4E /* helloiosUITests */,
				72818ADD21E6A1A600A09C4E /* Products */,
			);
			sourceTree = "<group>";
		};
		72818ADD21E6A1A600A09C4E /* Products */ = {
			isa = PBXGroup;
			children = (
				72818ADC21E6A1A600A09C4E /* helloios.app */,
				72818AF021E6A1A700A09C4E /* helloiosTests.xctest */,
				72818AFB21E6A1A700A09C4E /* helloiosUITests.xctest */,
			);
			name = Products;
			sourceTree = "<group>";
		};
		72818ADE21E6A1A600A09C4E /* helloios */ = {
			isa = PBXGroup;
			children = (
				72818ADF21E6A1A600A09C4E /* AppDelegate.swift */,
				72818AE121E6A1A600A09C4E /* ViewController.swift */,
				72818AE321E6A1A600A09C4E /* Main.storyboard */,
				72818AE621E6A1A700A09C4E /* Assets.xcassets */,
				72818AE821E6A1A700A09C4E /* LaunchScreen.storyboard */,
				72818AEB21E6A1A700A09C4E /* Info.plist */,
				72818B1121E6A77100A09C4E /* Microsoft_Smile.jpg */,
			);
			path = helloios;
			sourceTree = "<group>";
		};
		72818AF321E6A1A700A09C4E /* helloiosTests */ = {
			isa = PBXGroup;
			children = (
				72818AF421E6A1A700A09C4E /* helloiosTests.swift */,
				72818AF621E6A1A700A09C4E /* Info.plist */,
			);
			path = helloiosTests;
			sourceTree = "<group>";
		};
		72818AFE21E6A1A700A09C4E /* helloiosUITests */ = {
			isa = PBXGroup;
			children = (
				72818AFF21E6A1A700A09C4E /* helloiosUITests.swift */,
				72818B0121E6A1A700A09C4E /* Info.plist */,
			);
			path = helloiosUITests;
			sourceTree = "<group>";
		};
/* End PBXGroup section */

/* Begin PBXNativeTarget section */
		72818ADB21E6A1A600A09C4E /* helloios */ = {
			isa = PBXNativeTarget;
			buildConfigurationList = 72818B0421E6A1A700A09C4E /* Build configuration list for PBXNativeTarget "helloios" */;
			buildPhases = (
				72818AD821E6A1A600A09C4E /* Sources */,
				72818AD921E6A1A600A09C4E /* Frameworks */,
				72818ADA21E6A1A600A09C4E /* Resources */,
			);
			buildRules = (
			);
			dependencies = (
			);
			name = helloios;
			productName = helloios;
			productReference = 72818ADC21E6A1A600A09C4E /* helloios.app */;
			productType = "com.apple.product-type.application";
		};
		72818AEF21E6A1A700A09C4E /* helloiosTests */ = {
			isa = PBXNativeTarget;
			buildConfigurationList = 72818B0721E6A1A700A09C4E /* Build configuration list for PBXNativeTarget "helloiosTests" */;
			buildPhases = (
				72818AEC21E6A1A700A09C4E /* Sources */,
				72818AED21E6A1A700A09C4E /* Frameworks */,
				72818AEE21E6A1A700A09C4E /* Resources */,
			);
			buildRules = (
			);
			dependencies = (
				72818AF221E6A1A700A09C4E /* PBXTargetDependency */,
			);
			name = helloiosTests;
			productName = helloiosTests;
			productReference = 72818AF021E6A1A700A09C4E /* helloiosTests.xctest */;
			productType = "com.apple.product-type.bundle.unit-test";
		};
		72818AFA21E6A1A700A09C4E /* helloiosUITests */ = {
			isa = PBXNativeTarget;
			buildConfigurationList = 72818B0A21E6A1A700A09C4E /* Build configuration list for PBXNativeTarget "helloiosUITests" */;
			buildPhases = (
				72818AF721E6A1A700A09C4E /* Sources */,
				72818AF821E6A1A700A09C4E /* Frameworks */,
				72818AF921E6A1A700A09C4E /* Resources */,
			);
			buildRules = (
			);
			dependencies = (
				72818AFD21E6A1A700A09C4E /* PBXTargetDependency */,
			);
			name = helloiosUITests;
			productName = helloiosUITests;
			productReference = 72818AFB21E6A1A700A09C4E /* helloiosUITests.xctest */;
			productType = "com.apple.product-type.bundle.ui-testing";
		};
/* End PBXNativeTarget section */

/* Begin PBXProject section */
		72818AD421E6A1A600A09C4E /* Project object */ = {
			isa = PBXProject;
			attributes = {
				LastSwiftUpdateCheck = 1010;
				LastUpgradeCheck = 1010;
				ORGANIZATIONNAME = "Eric S. Cohen";
				TargetAttributes = {
					72818ADB21E6A1A600A09C4E = {
						CreatedOnToolsVersion = 10.1;
					};
					72818AEF21E6A1A700A09C4E = {
						CreatedOnToolsVersion = 10.1;
						TestTargetID = 72818ADB21E6A1A600A09C4E;
					};
					72818AFA21E6A1A700A09C4E = {
						CreatedOnToolsVersion = 10.1;
						TestTargetID = 72818ADB21E6A1A600A09C4E;
					};
				};
			};
			buildConfigurationList = 72818AD721E6A1A600A09C4E /* Build configuration list for PBXProject "helloios" */;
			compatibilityVersion = "Xcode 9.3";
			developmentRegion = en;
			hasScannedForEncodings = 0;
			knownRegions = (
				en,
				Base,
			);
			mainGroup = 72818AD321E6A1A600A09C4E;
			productRefGroup = 72818ADD21E6A1A600A09C4E /* Products */;
			projectDirPath = "";
			projectRoot = "";
			targets = (
				72818ADB21E6A1A600A09C4E /* helloios */,
				72818AEF21E6A1A700A09C4E /* helloiosTests */,
				72818AFA21E6A1A700A09C4E /* helloiosUITests */,
			);
		};
/* End PBXProject section */

/* Begin PBXResourcesBuildPhase section */
		72818ADA21E6A1A600A09C4E /* Resources */ = {
			isa = PBXResourcesBuildPhase;
			buildActionMask = 2147483647;
			files = (
				72818AEA21E6A1A700A09C4E /* LaunchScreen.storyboard in Resources */,
				72818B1221E6A77100A09C4E /* Microsoft_Smile.jpg in Resources */,
				72818AE721E6A1A700A09C4E /* Assets.xcassets in Resources */,
				72818AE521E6A1A600A09C4E /* Main.storyboard in Resources */,
			);
			runOnlyForDeploymentPostprocessing = 0;
		};
		72818AEE21E6A1A700A09C4E /* Resources */ = {
			isa = PBXResourcesBuildPhase;
			buildActionMask = 2147483647;
			files = (
			);
			runOnlyForDeploymentPostprocessing = 0;
		};
		72818AF921E6A1A700A09C4E /* Resources */ = {
			isa = PBXResourcesBuildPhase;
			buildActionMask = 2147483647;
			files = (
			);
			runOnlyForDeploymentPostprocessing = 0;
		};
/* End PBXResourcesBuildPhase section */

/* Begin PBXSourcesBuildPhase section */
		72818AD821E6A1A600A09C4E /* Sources */ = {
			isa = PBXSourcesBuildPhase;
			buildActionMask = 2147483647;
			files = (
				72818AE221E6A1A600A09C4E /* ViewController.swift in Sources */,
				72818AE021E6A1A600A09C4E /* AppDelegate.swift in Sources */,
			);
			runOnlyForDeploymentPostprocessing = 0;
		};
		72818AEC21E6A1A700A09C4E /* Sources */ = {
			isa = PBXSourcesBuildPhase;
			buildActionMask = 2147483647;
			files = (
				72818AF521E6A1A700A09C4E /* helloiosTests.swift in Sources */,
			);
			runOnlyForDeploymentPostprocessing = 0;
		};
		72818AF721E6A1A700A09C4E /* Sources */ = {
			isa = PBXSourcesBuildPhase;
			buildActionMask = 2147483647;
			files = (
				72818B0021E6A1A700A09C4E /* helloiosUITests.swift in Sources */,
			);
			runOnlyForDeploymentPostprocessing = 0;
		};
/* End PBXSourcesBuildPhase section */

/* Begin PBXTargetDependency section */
		72818AF221E6A1A700A09C4E /* PBXTargetDependency */ = {
			isa = PBXTargetDependency;
			target = 72818ADB21E6A1A600A09C4E /* helloios */;
			targetProxy = 72818AF121E6A1A700A09C4E /* PBXContainerItemProxy */;
		};
		72818AFD21E6A1A700A09C4E /* PBXTargetDependency */ = {
			isa = PBXTargetDependency;
			target = 72818ADB21E6A1A600A09C4E /* helloios */;
			targetProxy = 72818AFC21E6A1A700A09C4E /* PBXContainerItemProxy */;
		};
/* End PBXTargetDependency section */

/* Begin PBXVariantGroup section */
		72818AE321E6A1A600A09C4E /* Main.storyboard */ = {
			isa = PBXVariantGroup;
			children = (
				72818AE421E6A1A600A09C4E /* Base */,
			);
			name = Main.storyboard;
			sourceTree = "<group>";
		};
		72818AE821E6A1A700A09C4E /* LaunchScreen.storyboard */ = {
			isa = PBXVariantGroup;
			children = (
				72818AE921E6A1A700A09C4E /* Base */,
			);
			name = LaunchScreen.storyboard;
			sourceTree = "<group>";
		};
/* End PBXVariantGroup section */

/* Begin XCBuildConfiguration section */
		72818B0221E6A1A700A09C4E /* Debug */ = {
			isa = XCBuildConfiguration;
			buildSettings = {
				ALWAYS_SEARCH_USER_PATHS = NO;
				CLANG_ANALYZER_NONNULL = YES;
				CLANG_ANALYZER_NUMBER_OBJECT_CONVERSION = YES_AGGRESSIVE;
				CLANG_CXX_LANGUAGE_STANDARD = "gnu++14";
				CLANG_CXX_LIBRARY = "libc++";
				CLANG_ENABLE_MODULES = YES;
				CLANG_ENABLE_OBJC_ARC = YES;
				CLANG_ENABLE_OBJC_WEAK = YES;
				CLANG_WARN_BLOCK_CAPTURE_AUTORELEASING = YES;
				CLANG_WARN_BOOL_CONVERSION = YES;
				CLANG_WARN_COMMA = YES;
				CLANG_WARN_CONSTANT_CONVERSION = YES;
				CLANG_WARN_DEPRECATED_OBJC_IMPLEMENTATIONS = YES;
				CLANG_WARN_DIRECT_OBJC_ISA_USAGE = YES_ERROR;
				CLANG_WARN_DOCUMENTATION_COMMENTS = YES;
				CLANG_WARN_EMPTY_BODY = YES;
				CLANG_WARN_ENUM_CONVERSION = YES;
				CLANG_WARN_INFINITE_RECURSION = YES;
				CLANG_WARN_INT_CONVERSION = YES;
				CLANG_WARN_NON_LITERAL_NULL_CONVERSION = YES;
				CLANG_WARN_OBJC_IMPLICIT_RETAIN_SELF = YES;
				CLANG_WARN_OBJC_LITERAL_CONVERSION = YES;
				CLANG_WARN_OBJC_ROOT_CLASS = YES_ERROR;
				CLANG_WARN_RANGE_LOOP_ANALYSIS = YES;
				CLANG_WARN_STRICT_PROTOTYPES = YES;
				CLANG_WARN_SUSPICIOUS_MOVE = YES;
				CLANG_WARN_UNGUARDED_AVAILABILITY = YES_AGGRESSIVE;
				CLANG_WARN_UNREACHABLE_CODE = YES;
				CLANG_WARN__DUPLICATE_METHOD_MATCH = YES;
				CODE_SIGN_IDENTITY = "iPhone Developer";
				COPY_PHASE_STRIP = NO;
				DEBUG_INFORMATION_FORMAT = dwarf;
				ENABLE_STRICT_OBJC_MSGSEND = YES;
				ENABLE_TESTABILITY = YES;
				GCC_C_LANGUAGE_STANDARD = gnu11;
				GCC_DYNAMIC_NO_PIC = NO;
				GCC_NO_COMMON_BLOCKS = YES;
				GCC_OPTIMIZATION_LEVEL = 0;
				GCC_PREPROCESSOR_DEFINITIONS = (
					"DEBUG=1",
					"$(inherited)",
				);
				GCC_WARN_64_TO_32_BIT_CONVERSION = YES;
				GCC_WARN_ABOUT_RETURN_TYPE = YES_ERROR;
				GCC_WARN_UNDECLARED_SELECTOR = YES;
				GCC_WARN_UNINITIALIZED_AUTOS = YES_AGGRESSIVE;
				GCC_WARN_UNUSED_FUNCTION = YES;
				GCC_WARN_UNUSED_VARIABLE = YES;
				IPHONEOS_DEPLOYMENT_TARGET = 12.1;
				MTL_ENABLE_DEBUG_INFO = INCLUDE_SOURCE;
				MTL_FAST_MATH = YES;
				ONLY_ACTIVE_ARCH = YES;
				SDKROOT = iphoneos;
				SWIFT_ACTIVE_COMPILATION_CONDITIONS = DEBUG;
				SWIFT_OPTIMIZATION_LEVEL = "-Onone";
			};
			name = Debug;
		};
		72818B0321E6A1A700A09C4E /* Release */ = {
			isa = XCBuildConfiguration;
			buildSettings = {
				ALWAYS_SEARCH_USER_PATHS = NO;
				CLANG_ANALYZER_NONNULL = YES;
				CLANG_ANALYZER_NUMBER_OBJECT_CONVERSION = YES_AGGRESSIVE;
				CLANG_CXX_LANGUAGE_STANDARD = "gnu++14";
				CLANG_CXX_LIBRARY = "libc++";
				CLANG_ENABLE_MODULES = YES;
				CLANG_ENABLE_OBJC_ARC = YES;
				CLANG_ENABLE_OBJC_WEAK = YES;
				CLANG_WARN_BLOCK_CAPTURE_AUTORELEASING = YES;
				CLANG_WARN_BOOL_CONVERSION = YES;
				CLANG_WARN_COMMA = YES;
				CLANG_WARN_CONSTANT_CONVERSION = YES;
				CLANG_WARN_DEPRECATED_OBJC_IMPLEMENTATIONS = YES;
				CLANG_WARN_DIRECT_OBJC_ISA_USAGE = YES_ERROR;
				CLANG_WARN_DOCUMENTATION_COMMENTS = YES;
				CLANG_WARN_EMPTY_BODY = YES;
				CLANG_WARN_ENUM_CONVERSION = YES;
				CLANG_WARN_INFINITE_RECURSION = YES;
				CLANG_WARN_INT_CONVERSION = YES;
				CLANG_WARN_NON_LITERAL_NULL_CONVERSION = YES;
				CLANG_WARN_OBJC_IMPLICIT_RETAIN_SELF = YES;
				CLANG_WARN_OBJC_LITERAL_CONVERSION = YES;
				CLANG_WARN_OBJC_ROOT_CLASS = YES_ERROR;
				CLANG_WARN_RANGE_LOOP_ANALYSIS = YES;
				CLANG_WARN_STRICT_PROTOTYPES = YES;
				CLANG_WARN_SUSPICIOUS_MOVE = YES;
				CLANG_WARN_UNGUARDED_AVAILABILITY = YES_AGGRESSIVE;
				CLANG_WARN_UNREACHABLE_CODE = YES;
				CLANG_WARN__DUPLICATE_METHOD_MATCH = YES;
				CODE_SIGN_IDENTITY = "iPhone Developer";
				COPY_PHASE_STRIP = NO;
				DEBUG_INFORMATION_FORMAT = "dwarf-with-dsym";
				ENABLE_NS_ASSERTIONS = NO;
				ENABLE_STRICT_OBJC_MSGSEND = YES;
				GCC_C_LANGUAGE_STANDARD = gnu11;
				GCC_NO_COMMON_BLOCKS = YES;
				GCC_WARN_64_TO_32_BIT_CONVERSION = YES;
				GCC_WARN_ABOUT_RETURN_TYPE = YES_ERROR;
				GCC_WARN_UNDECLARED_SELECTOR = YES;
				GCC_WARN_UNINITIALIZED_AUTOS = YES_AGGRESSIVE;
				GCC_WARN_UNUSED_FUNCTION = YES;
				GCC_WARN_UNUSED_VARIABLE = YES;
				IPHONEOS_DEPLOYMENT_TARGET = 12.1;
				MTL_ENABLE_DEBUG_INFO = NO;
				MTL_FAST_MATH = YES;
				SDKROOT = iphoneos;
				SWIFT_COMPILATION_MODE = wholemodule;
				SWIFT_OPTIMIZATION_LEVEL = "-O";
				VALIDATE_PRODUCT = YES;
			};
			name = Release;
		};
		72818B0521E6A1A700A09C4E /* Debug */ = {
			isa = XCBuildConfiguration;
			buildSettings = {
				ASSETCATALOG_COMPILER_APPICON_NAME = AppIcon;
				CODE_SIGN_STYLE = Automatic;
				INFOPLIST_FILE = helloios/Info.plist;
				LD_RUNPATH_SEARCH_PATHS = (
					"$(inherited)",
					"@executable_path/Frameworks",
				);
				PRODUCT_BUNDLE_IDENTIFIER = com.info449.helloios;
				PRODUCT_NAME = "$(TARGET_NAME)";
				SWIFT_VERSION = 4.2;
				TARGETED_DEVICE_FAMILY = "1,2";
			};
			name = Debug;
		};
		72818B0621E6A1A700A09C4E /* Release */ = {
			isa = XCBuildConfiguration;
			buildSettings = {
				ASSETCATALOG_COMPILER_APPICON_NAME = AppIcon;
				CODE_SIGN_STYLE = Automatic;
				INFOPLIST_FILE = helloios/Info.plist;
				LD_RUNPATH_SEARCH_PATHS = (
					"$(inherited)",
					"@executable_path/Frameworks",
				);
				PRODUCT_BUNDLE_IDENTIFIER = com.info449.helloios;
				PRODUCT_NAME = "$(TARGET_NAME)";
				SWIFT_VERSION = 4.2;
				TARGETED_DEVICE_FAMILY = "1,2";
			};
			name = Release;
		};
		72818B0821E6A1A700A09C4E /* Debug */ = {
			isa = XCBuildConfiguration;
			buildSettings = {
				ALWAYS_EMBED_SWIFT_STANDARD_LIBRARIES = YES;
				BUNDLE_LOADER = "$(TEST_HOST)";
				CODE_SIGN_STYLE = Automatic;
				INFOPLIST_FILE = helloiosTests/Info.plist;
				LD_RUNPATH_SEARCH_PATHS = (
					"$(inherited)",
					"@executable_path/Frameworks",
					"@loader_path/Frameworks",
				);
				PRODUCT_BUNDLE_IDENTIFIER = com.info449.helloiosTests;
				PRODUCT_NAME = "$(TARGET_NAME)";
				SWIFT_VERSION = 4.2;
				TARGETED_DEVICE_FAMILY = "1,2";
				TEST_HOST = "$(BUILT_PRODUCTS_DIR)/helloios.app/helloios";
			};
			name = Debug;
		};
		72818B0921E6A1A700A09C4E /* Release */ = {
			isa = XCBuildConfiguration;
			buildSettings = {
				ALWAYS_EMBED_SWIFT_STANDARD_LIBRARIES = YES;
				BUNDLE_LOADER = "$(TEST_HOST)";
				CODE_SIGN_STYLE = Automatic;
				INFOPLIST_FILE = helloiosTests/Info.plist;
				LD_RUNPATH_SEARCH_PATHS = (
					"$(inherited)",
					"@executable_path/Frameworks",
					"@loader_path/Frameworks",
				);
				PRODUCT_BUNDLE_IDENTIFIER = com.info449.helloiosTests;
				PRODUCT_NAME = "$(TARGET_NAME)";
				SWIFT_VERSION = 4.2;
				TARGETED_DEVICE_FAMILY = "1,2";
				TEST_HOST = "$(BUILT_PRODUCTS_DIR)/helloios.app/helloios";
			};
			name = Release;
		};
		72818B0B21E6A1A700A09C4E /* Debug */ = {
			isa = XCBuildConfiguration;
			buildSettings = {
				ALWAYS_EMBED_SWIFT_STANDARD_LIBRARIES = YES;
				CODE_SIGN_STYLE = Automatic;
				INFOPLIST_FILE = helloiosUITests/Info.plist;
				LD_RUNPATH_SEARCH_PATHS = (
					"$(inherited)",
					"@executable_path/Frameworks",
					"@loader_path/Frameworks",
				);
				PRODUCT_BUNDLE_IDENTIFIER = com.info449.helloiosUITests;
				PRODUCT_NAME = "$(TARGET_NAME)";
				SWIFT_VERSION = 4.2;
				TARGETED_DEVICE_FAMILY = "1,2";
				TEST_TARGET_NAME = helloios;
			};
			name = Debug;
		};
		72818B0C21E6A1A700A09C4E /* Release */ = {
			isa = XCBuildConfiguration;
			buildSettings = {
				ALWAYS_EMBED_SWIFT_STANDARD_LIBRARIES = YES;
				CODE_SIGN_STYLE = Automatic;
				INFOPLIST_FILE = helloiosUITests/Info.plist;
				LD_RUNPATH_SEARCH_PATHS = (
					"$(inherited)",
					"@executable_path/Frameworks",
					"@loader_path/Frameworks",
				);
				PRODUCT_BUNDLE_IDENTIFIER = com.info449.helloiosUITests;
				PRODUCT_NAME = "$(TARGET_NAME)";
				SWIFT_VERSION = 4.2;
				TARGETED_DEVICE_FAMILY = "1,2";
				TEST_TARGET_NAME = helloios;
			};
			name = Release;
		};
/* End XCBuildConfiguration section */

/* Begin XCConfigurationList section */
		72818AD721E6A1A600A09C4E /* Build configuration list for PBXProject "helloios" */ = {
			isa = XCConfigurationList;
			buildConfigurations = (
				72818B0221E6A1A700A09C4E /* Debug */,
				72818B0321E6A1A700A09C4E /* Release */,
			);
			defaultConfigurationIsVisible = 0;
			defaultConfigurationName = Release;
		};
		72818B0421E6A1A700A09C4E /* Build configuration list for PBXNativeTarget "helloios" */ = {
			isa = XCConfigurationList;
			buildConfigurations = (
				72818B0521E6A1A700A09C4E /* Debug */,
				72818B0621E6A1A700A09C4E /* Release */,
			);
			defaultConfigurationIsVisible = 0;
			defaultConfigurationName = Release;
		};
		72818B0721E6A1A700A09C4E /* Build configuration list for PBXNativeTarget "helloiosTests" */ = {
			isa = XCConfigurationList;
			buildConfigurations = (
				72818B0821E6A1A700A09C4E /* Debug */,
				72818B0921E6A1A700A09C4E /* Release */,
			);
			defaultConfigurationIsVisible = 0;
			defaultConfigurationName = Release;
		};
		72818B0A21E6A1A700A09C4E /* Build configuration list for PBXNativeTarget "helloiosUITests" */ = {
			isa = XCConfigurationList;
			buildConfigurations = (
				72818B0B21E6A1A700A09C4E /* Debug */,
				72818B0C21E6A1A700A09C4E /* Release */,
			);
			defaultConfigurationIsVisible = 0;
			defaultConfigurationName = Release;
		};
/* End XCConfigurationList section */
	};
	rootObject = 72818AD421E6A1A600A09C4E /* Project object */;
}
